// !$*UTF8*$!
{
	archiveVersion = 1;
	classes = {
	};
	objectVersion = 56;
	objects = {

/* Begin PBXBuildFile section */
		C808BFCA2AF3241900A3263E /* AppDelegate.swift in Sources */ = {isa = PBXBuildFile; fileRef = C808BFC92AF3241900A3263E /* AppDelegate.swift */; };
		C808BFCC2AF3241900A3263E /* SceneDelegate.swift in Sources */ = {isa = PBXBuildFile; fileRef = C808BFCB2AF3241900A3263E /* SceneDelegate.swift */; };
		C808BFD32AF3241A00A3263E /* Assets.xcassets in Resources */ = {isa = PBXBuildFile; fileRef = C808BFD22AF3241A00A3263E /* Assets.xcassets */; };
		C808BFD62AF3241A00A3263E /* LaunchScreen.storyboard in Resources */ = {isa = PBXBuildFile; fileRef = C808BFD42AF3241A00A3263E /* LaunchScreen.storyboard */; };
		C808BFE12AF327AC00A3263E /* HomeViewController.swift in Sources */ = {isa = PBXBuildFile; fileRef = C808BFDF2AF327AC00A3263E /* HomeViewController.swift */; };
		C808BFE22AF327AC00A3263E /* HomeViewController.xib in Resources */ = {isa = PBXBuildFile; fileRef = C808BFE02AF327AC00A3263E /* HomeViewController.xib */; };
		C808BFE42AF3353200A3263E /* DataModel.swift in Sources */ = {isa = PBXBuildFile; fileRef = C808BFE32AF3353200A3263E /* DataModel.swift */; };
		C8C4C5872AF49F9D0070B4AD /* QiitaViewModel.swift in Sources */ = {isa = PBXBuildFile; fileRef = C8C4C5862AF49F9D0070B4AD /* QiitaViewModel.swift */; };
/* End PBXBuildFile section */

/* Begin PBXFileReference section */
		C808BFC62AF3241900A3263E /* ApiStudyApp.app */ = {isa = PBXFileReference; explicitFileType = wrapper.application; includeInIndex = 0; path = ApiStudyApp.app; sourceTree = BUILT_PRODUCTS_DIR; };
		C808BFC92AF3241900A3263E /* AppDelegate.swift */ = {isa = PBXFileReference; lastKnownFileType = sourcecode.swift; path = AppDelegate.swift; sourceTree = "<group>"; };
		C808BFCB2AF3241900A3263E /* SceneDelegate.swift */ = {isa = PBXFileReference; lastKnownFileType = sourcecode.swift; path = SceneDelegate.swift; sourceTree = "<group>"; };
		C808BFD22AF3241A00A3263E /* Assets.xcassets */ = {isa = PBXFileReference; lastKnownFileType = folder.assetcatalog; path = Assets.xcassets; sourceTree = "<group>"; };
		C808BFD52AF3241A00A3263E /* Base */ = {isa = PBXFileReference; lastKnownFileType = file.storyboard; name = Base; path = Base.lproj/LaunchScreen.storyboard; sourceTree = "<group>"; };
		C808BFD72AF3241A00A3263E /* Info.plist */ = {isa = PBXFileReference; lastKnownFileType = text.plist.xml; path = Info.plist; sourceTree = "<group>"; };
		C808BFDE2AF3272B00A3263E /* ja */ = {isa = PBXFileReference; lastKnownFileType = text.plist.strings; name = ja; path = ja.lproj/LaunchScreen.strings; sourceTree = "<group>"; };
		C808BFDF2AF327AC00A3263E /* HomeViewController.swift */ = {isa = PBXFileReference; lastKnownFileType = sourcecode.swift; path = HomeViewController.swift; sourceTree = "<group>"; };
		C808BFE02AF327AC00A3263E /* HomeViewController.xib */ = {isa = PBXFileReference; lastKnownFileType = file.xib; path = HomeViewController.xib; sourceTree = "<group>"; };
		C808BFE32AF3353200A3263E /* DataModel.swift */ = {isa = PBXFileReference; lastKnownFileType = sourcecode.swift; path = DataModel.swift; sourceTree = "<group>"; };
		C8C4C5862AF49F9D0070B4AD /* QiitaViewModel.swift */ = {isa = PBXFileReference; lastKnownFileType = sourcecode.swift; path = QiitaViewModel.swift; sourceTree = "<group>"; };
/* End PBXFileReference section */

/* Begin PBXFrameworksBuildPhase section */
		C808BFC32AF3241900A3263E /* Frameworks */ = {
			isa = PBXFrameworksBuildPhase;
			buildActionMask = 2147483647;
			files = (
			);
			runOnlyForDeploymentPostprocessing = 0;
		};
/* End PBXFrameworksBuildPhase section */

/* Begin PBXGroup section */
		C808BFBD2AF3241900A3263E = {
			isa = PBXGroup;
			children = (
				C808BFC82AF3241900A3263E /* ApiStudyApp */,
				C808BFC72AF3241900A3263E /* Products */,
			);
			sourceTree = "<group>";
		};
		C808BFC72AF3241900A3263E /* Products */ = {
			isa = PBXGroup;
			children = (
				C808BFC62AF3241900A3263E /* ApiStudyApp.app */,
			);
			name = Products;
			sourceTree = "<group>";
		};
		C808BFC82AF3241900A3263E /* ApiStudyApp */ = {
			isa = PBXGroup;
			children = (
				C8C4C5852AF48BF60070B4AD /* Delegate */,
				C8C4C5822AF48B880070B4AD /* Model */,
				C8C4C5842AF48BD40070B4AD /* View */,
				C8C4C5832AF48BA80070B4AD /* Controller */,
				C808BFD22AF3241A00A3263E /* Assets.xcassets */,
				C808BFD72AF3241A00A3263E /* Info.plist */,
			);
			path = ApiStudyApp;
			sourceTree = "<group>";
		};
		C8C4C5822AF48B880070B4AD /* Model */ = {
			isa = PBXGroup;
			children = (
				C808BFE32AF3353200A3263E /* DataModel.swift */,
				C8C4C5862AF49F9D0070B4AD /* QiitaViewModel.swift */,
			);
			path = Model;
			sourceTree = "<group>";
		};
		C8C4C5832AF48BA80070B4AD /* Controller */ = {
			isa = PBXGroup;
			children = (
				C808BFDF2AF327AC00A3263E /* HomeViewController.swift */,
			);
			path = Controller;
			sourceTree = "<group>";
		};
		C8C4C5842AF48BD40070B4AD /* View */ = {
			isa = PBXGroup;
			children = (
				C808BFE02AF327AC00A3263E /* HomeViewController.xib */,
				C808BFD42AF3241A00A3263E /* LaunchScreen.storyboard */,
			);
			path = View;
			sourceTree = "<group>";
		};
		C8C4C5852AF48BF60070B4AD /* Delegate */ = {
			isa = PBXGroup;
			children = (
				C808BFC92AF3241900A3263E /* AppDelegate.swift */,
				C808BFCB2AF3241900A3263E /* SceneDelegate.swift */,
			);
			path = Delegate;
			sourceTree = "<group>";
		};
/* End PBXGroup section */

/* Begin PBXNativeTarget section */
		C808BFC52AF3241900A3263E /* ApiStudyApp */ = {
			isa = PBXNativeTarget;
			buildConfigurationList = C808BFDA2AF3241A00A3263E /* Build configuration list for PBXNativeTarget "ApiStudyApp" */;
			buildPhases = (
				C808BFC22AF3241900A3263E /* Sources */,
				C808BFC32AF3241900A3263E /* Frameworks */,
				C808BFC42AF3241900A3263E /* Resources */,
			);
			buildRules = (
			);
			dependencies = (
			);
			name = ApiStudyApp;
			productName = ApiStudyApp;
			productReference = C808BFC62AF3241900A3263E /* ApiStudyApp.app */;
			productType = "com.apple.product-type.application";
		};
/* End PBXNativeTarget section */

/* Begin PBXProject section */
		C808BFBE2AF3241900A3263E /* Project object */ = {
			isa = PBXProject;
			attributes = {
				BuildIndependentTargetsInParallel = 1;
				LastSwiftUpdateCheck = 1500;
				LastUpgradeCheck = 1500;
				TargetAttributes = {
					C808BFC52AF3241900A3263E = {
						CreatedOnToolsVersion = 15.0.1;
					};
				};
			};
			buildConfigurationList = C808BFC12AF3241900A3263E /* Build configuration list for PBXProject "ApiStudyApp" */;
			compatibilityVersion = "Xcode 14.0";
			developmentRegion = ja;
			hasScannedForEncodings = 0;
			knownRegions = (
				en,
				Base,
				ja,
			);
			mainGroup = C808BFBD2AF3241900A3263E;
			productRefGroup = C808BFC72AF3241900A3263E /* Products */;
			projectDirPath = "";
			projectRoot = "";
			targets = (
				C808BFC52AF3241900A3263E /* ApiStudyApp */,
			);
		};
/* End PBXProject section */

/* Begin PBXResourcesBuildPhase section */
		C808BFC42AF3241900A3263E /* Resources */ = {
			isa = PBXResourcesBuildPhase;
			buildActionMask = 2147483647;
			files = (
				C808BFD62AF3241A00A3263E /* LaunchScreen.storyboard in Resources */,
				C808BFD32AF3241A00A3263E /* Assets.xcassets in Resources */,
				C808BFE22AF327AC00A3263E /* HomeViewController.xib in Resources */,
			);
			runOnlyForDeploymentPostprocessing = 0;
		};
/* End PBXResourcesBuildPhase section */

/* Begin PBXSourcesBuildPhase section */
		C808BFC22AF3241900A3263E /* Sources */ = {
			isa = PBXSourcesBuildPhase;
			buildActionMask = 2147483647;
			files = (
				C808BFCA2AF3241900A3263E /* AppDelegate.swift in Sources */,
				C808BFE42AF3353200A3263E /* DataModel.swift in Sources */,
				C808BFCC2AF3241900A3263E /* SceneDelegate.swift in Sources */,
				C8C4C5872AF49F9D0070B4AD /* QiitaViewModel.swift in Sources */,
				C808BFE12AF327AC00A3263E /* HomeViewController.swift in Sources */,
			);
			runOnlyForDeploymentPostprocessing = 0;
		};
/* End PBXSourcesBuildPhase section */

/* Begin PBXVariantGroup section */
		C808BFD42AF3241A00A3263E /* LaunchScreen.storyboard */ = {
			isa = PBXVariantGroup;
			children = (
				C808BFD52AF3241A00A3263E /* Base */,
				C808BFDE2AF3272B00A3263E /* ja */,
			);
			name = LaunchScreen.storyboard;
			sourceTree = "<group>";
		};
/* End PBXVariantGroup section */

/* Begin XCBuildConfiguration section */
		C808BFD82AF3241A00A3263E /* Debug */ = {
			isa = XCBuildConfiguration;
			buildSettings = {
				ALWAYS_SEARCH_USER_PATHS = NO;
				ASSETCATALOG_COMPILER_GENERATE_SWIFT_ASSET_SYMBOL_EXTENSIONS = YES;
				CLANG_ANALYZER_LOCALIZABILITY_NONLOCALIZED = YES;
				CLANG_ANALYZER_NONNULL = YES;
				CLANG_ANALYZER_NUMBER_OBJECT_CONVERSION = YES_AGGRESSIVE;
				CLANG_CXX_LANGUAGE_STANDARD = "gnu++20";
				CLANG_ENABLE_MODULES = YES;
				CLANG_ENABLE_OBJC_ARC = YES;
				CLANG_ENABLE_OBJC_WEAK = YES;
				CLANG_WARN_BLOCK_CAPTURE_AUTORELEASING = YES;
				CLANG_WARN_BOOL_CONVERSION = YES;
				CLANG_WARN_COMMA = YES;
				CLANG_WARN_CONSTANT_CONVERSION = YES;
				CLANG_WARN_DEPRECATED_OBJC_IMPLEMENTATIONS = YES;
				CLANG_WARN_DIRECT_OBJC_ISA_USAGE = YES_ERROR;
				CLANG_WARN_DOCUMENTATION_COMMENTS = YES;
				CLANG_WARN_EMPTY_BODY = YES;
				CLANG_WARN_ENUM_CONVERSION = YES;
				CLANG_WARN_INFINITE_RECURSION = YES;
				CLANG_WARN_INT_CONVERSION = YES;
				CLANG_WARN_NON_LITERAL_NULL_CONVERSION = YES;
				CLANG_WARN_OBJC_IMPLICIT_RETAIN_SELF = YES;
				CLANG_WARN_OBJC_LITERAL_CONVERSION = YES;
				CLANG_WARN_OBJC_ROOT_CLASS = YES_ERROR;
				CLANG_WARN_QUOTED_INCLUDE_IN_FRAMEWORK_HEADER = YES;
				CLANG_WARN_RANGE_LOOP_ANALYSIS = YES;
				CLANG_WARN_STRICT_PROTOTYPES = YES;
				CLANG_WARN_SUSPICIOUS_MOVE = YES;
				CLANG_WARN_UNGUARDED_AVAILABILITY = YES_AGGRESSIVE;
				CLANG_WARN_UNREACHABLE_CODE = YES;
				CLANG_WARN__DUPLICATE_METHOD_MATCH = YES;
				COPY_PHASE_STRIP = NO;
				DEBUG_INFORMATION_FORMAT = dwarf;
				ENABLE_STRICT_OBJC_MSGSEND = YES;
				ENABLE_TESTABILITY = YES;
				ENABLE_USER_SCRIPT_SANDBOXING = YES;
				GCC_C_LANGUAGE_STANDARD = gnu17;
				GCC_DYNAMIC_NO_PIC = NO;
				GCC_NO_COMMON_BLOCKS = YES;
				GCC_OPTIMIZATION_LEVEL = 0;
				GCC_PREPROCESSOR_DEFINITIONS = (
					"DEBUG=1",
					"$(inherited)",
				);
				GCC_WARN_64_TO_32_BIT_CONVERSION = YES;
				GCC_WARN_ABOUT_RETURN_TYPE = YES_ERROR;
				GCC_WARN_UNDECLARED_SELECTOR = YES;
				GCC_WARN_UNINITIALIZED_AUTOS = YES_AGGRESSIVE;
				GCC_WARN_UNUSED_FUNCTION = YES;
				GCC_WARN_UNUSED_VARIABLE = YES;
				IPHONEOS_DEPLOYMENT_TARGET = 16.4;
				LOCALIZATION_PREFERS_STRING_CATALOGS = YES;
				MTL_ENABLE_DEBUG_INFO = INCLUDE_SOURCE;
				MTL_FAST_MATH = YES;
				ONLY_ACTIVE_ARCH = YES;
				SDKROOT = iphoneos;
				SWIFT_ACTIVE_COMPILATION_CONDITIONS = "DEBUG $(inherited)";
				SWIFT_OPTIMIZATION_LEVEL = "-Onone";
			};
			name = Debug;
		};
		C808BFD92AF3241A00A3263E /* Release */ = {
			isa = XCBuildConfiguration;
			buildSettings = {
				ALWAYS_SEARCH_USER_PATHS = NO;
				ASSETCATALOG_COMPILER_GENERATE_SWIFT_ASSET_SYMBOL_EXTENSIONS = YES;
				CLANG_ANALYZER_LOCALIZABILITY_NONLOCALIZED = YES;
				CLANG_ANALYZER_NONNULL = YES;
				CLANG_ANALYZER_NUMBER_OBJECT_CONVERSION = YES_AGGRESSIVE;
				CLANG_CXX_LANGUAGE_STANDARD = "gnu++20";
				CLANG_ENABLE_MODULES = YES;
				CLANG_ENABLE_OBJC_ARC = YES;
				CLANG_ENABLE_OBJC_WEAK = YES;
				CLANG_WARN_BLOCK_CAPTURE_AUTORELEASING = YES;
				CLANG_WARN_BOOL_CONVERSION = YES;
				CLANG_WARN_COMMA = YES;
				CLANG_WARN_CONSTANT_CONVERSION = YES;
				CLANG_WARN_DEPRECATED_OBJC_IMPLEMENTATIONS = YES;
				CLANG_WARN_DIRECT_OBJC_ISA_USAGE = YES_ERROR;
				CLANG_WARN_DOCUMENTATION_COMMENTS = YES;
				CLANG_WARN_EMPTY_BODY = YES;
				CLANG_WARN_ENUM_CONVERSION = YES;
				CLANG_WARN_INFINITE_RECURSION = YES;
				CLANG_WARN_INT_CONVERSION = YES;
				CLANG_WARN_NON_LITERAL_NULL_CONVERSION = YES;
				CLANG_WARN_OBJC_IMPLICIT_RETAIN_SELF = YES;
				CLANG_WARN_OBJC_LITERAL_CONVERSION = YES;
				CLANG_WARN_OBJC_ROOT_CLASS = YES_ERROR;
				CLANG_WARN_QUOTED_INCLUDE_IN_FRAMEWORK_HEADER = YES;
				CLANG_WARN_RANGE_LOOP_ANALYSIS = YES;
				CLANG_WARN_STRICT_PROTOTYPES = YES;
				CLANG_WARN_SUSPICIOUS_MOVE = YES;
				CLANG_WARN_UNGUARDED_AVAILABILITY = YES_AGGRESSIVE;
				CLANG_WARN_UNREACHABLE_CODE = YES;
				CLANG_WARN__DUPLICATE_METHOD_MATCH = YES;
				COPY_PHASE_STRIP = NO;
				DEBUG_INFORMATION_FORMAT = "dwarf-with-dsym";
				ENABLE_NS_ASSERTIONS = NO;
				ENABLE_STRICT_OBJC_MSGSEND = YES;
				ENABLE_USER_SCRIPT_SANDBOXING = YES;
				GCC_C_LANGUAGE_STANDARD = gnu17;
				GCC_NO_COMMON_BLOCKS = YES;
				GCC_WARN_64_TO_32_BIT_CONVERSION = YES;
				GCC_WARN_ABOUT_RETURN_TYPE = YES_ERROR;
				GCC_WARN_UNDECLARED_SELECTOR = YES;
				GCC_WARN_UNINITIALIZED_AUTOS = YES_AGGRESSIVE;
				GCC_WARN_UNUSED_FUNCTION = YES;
				GCC_WARN_UNUSED_VARIABLE = YES;
				IPHONEOS_DEPLOYMENT_TARGET = 16.4;
				LOCALIZATION_PREFERS_STRING_CATALOGS = YES;
				MTL_ENABLE_DEBUG_INFO = NO;
				MTL_FAST_MATH = YES;
				SDKROOT = iphoneos;
				SWIFT_COMPILATION_MODE = wholemodule;
				VALIDATE_PRODUCT = YES;
			};
			name = Release;
		};
		C808BFDB2AF3241A00A3263E /* Debug */ = {
			isa = XCBuildConfiguration;
			buildSettings = {
				ASSETCATALOG_COMPILER_APPICON_NAME = AppIcon;
				ASSETCATALOG_COMPILER_GLOBAL_ACCENT_COLOR_NAME = AccentColor;
				CODE_SIGN_STYLE = Automatic;
				CURRENT_PROJECT_VERSION = 1;
				DEVELOPMENT_TEAM = A576YFG6SP;
				GENERATE_INFOPLIST_FILE = YES;
				INFOPLIST_FILE = ApiStudyApp/Info.plist;
				INFOPLIST_KEY_UIApplicationSupportsIndirectInputEvents = YES;
				INFOPLIST_KEY_UILaunchStoryboardName = LaunchScreen;
				INFOPLIST_KEY_UISupportedInterfaceOrientations_iPad = "UIInterfaceOrientationPortrait UIInterfaceOrientationPortraitUpsideDown UIInterfaceOrientationLandscapeLeft UIInterfaceOrientationLandscapeRight";
				INFOPLIST_KEY_UISupportedInterfaceOrientations_iPhone = "UIInterfaceOrientationPortrait UIInterfaceOrientationLandscapeLeft UIInterfaceOrientationLandscapeRight";
				IPHONEOS_DEPLOYMENT_TARGET = 16.4;
				LD_RUNPATH_SEARCH_PATHS = (
					"$(inherited)",
					"@executable_path/Frameworks",
				);
				MARKETING_VERSION = 1.0;
				PRODUCT_BUNDLE_IDENTIFIER = com.oshige.dev.ApiStudyApp;
				PRODUCT_NAME = "$(TARGET_NAME)";
				SWIFT_EMIT_LOC_STRINGS = YES;
				SWIFT_VERSION = 5.0;
				TARGETED_DEVICE_FAMILY = "1,2";
			};
			name = Debug;
		};
		C808BFDC2AF3241A00A3263E /* Release */ = {
			isa = XCBuildConfiguration;
			buildSettings = {
				ASSETCATALOG_COMPILER_APPICON_NAME = AppIcon;
				ASSETCATALOG_COMPILER_GLOBAL_ACCENT_COLOR_NAME = AccentColor;
				CODE_SIGN_STYLE = Automatic;
				CURRENT_PROJECT_VERSION = 1;
				DEVELOPMENT_TEAM = A576YFG6SP;
				GENERATE_INFOPLIST_FILE = YES;
				INFOPLIST_FILE = ApiStudyApp/Info.plist;
				INFOPLIST_KEY_UIApplicationSupportsIndirectInputEvents = YES;
				INFOPLIST_KEY_UILaunchStoryboardName = LaunchScreen;
				INFOPLIST_KEY_UISupportedInterfaceOrientations_iPad = "UIInterfaceOrientationPortrait UIInterfaceOrientationPortraitUpsideDown UIInterfaceOrientationLandscapeLeft UIInterfaceOrientationLandscapeRight";
				INFOPLIST_KEY_UISupportedInterfaceOrientations_iPhone = "UIInterfaceOrientationPortrait UIInterfaceOrientationLandscapeLeft UIInterfaceOrientationLandscapeRight";
				IPHONEOS_DEPLOYMENT_TARGET = 16.4;
				LD_RUNPATH_SEARCH_PATHS = (
					"$(inherited)",
					"@executable_path/Frameworks",
				);
				MARKETING_VERSION = 1.0;
				PRODUCT_BUNDLE_IDENTIFIER = com.oshige.dev.ApiStudyApp;
				PRODUCT_NAME = "$(TARGET_NAME)";
				SWIFT_EMIT_LOC_STRINGS = YES;
				SWIFT_VERSION = 5.0;
				TARGETED_DEVICE_FAMILY = "1,2";
			};
			name = Release;
		};
/* End XCBuildConfiguration section */

/* Begin XCConfigurationList section */
		C808BFC12AF3241900A3263E /* Build configuration list for PBXProject "ApiStudyApp" */ = {
			isa = XCConfigurationList;
			buildConfigurations = (
				C808BFD82AF3241A00A3263E /* Debug */,
				C808BFD92AF3241A00A3263E /* Release */,
			);
			defaultConfigurationIsVisible = 0;
			defaultConfigurationName = Release;
		};
		C808BFDA2AF3241A00A3263E /* Build configuration list for PBXNativeTarget "ApiStudyApp" */ = {
			isa = XCConfigurationList;
			buildConfigurations = (
				C808BFDB2AF3241A00A3263E /* Debug */,
				C808BFDC2AF3241A00A3263E /* Release */,
			);
			defaultConfigurationIsVisible = 0;
			defaultConfigurationName = Release;
		};
/* End XCConfigurationList section */
	};
	rootObject = C808BFBE2AF3241900A3263E /* Project object */;
}
